{
  "name": "graphcool",
  "version": "1.0.0",
  "lockfileVersion": 1,
  "requires": true,
  "dependencies": {
    "@types/bcryptjs": {
      "version": "2.4.1",
      "resolved": "https://registry.npmjs.org/@types/bcryptjs/-/bcryptjs-2.4.1.tgz",
      "integrity": "sha512-CVJ8ExtzUQJzLJbEk/lWrHD3MTvstTodjWidcH23gCii5WSD0z1TPSLqSdtbn5eCDw+DxfKgoUALi+loe8ftXA=="
    },
    "@types/graphql": {
      "version": "0.12.6",
      "resolved": "https://registry.npmjs.org/@types/graphql/-/graphql-0.12.6.tgz",
      "integrity": "sha512-wXAVyLfkG1UMkKOdMijVWFky39+OD/41KftzqfX1Oejd0Gm6dOIKjCihSVECg6X7PHjftxXmfOKA/d1H79ZfvQ=="
    },
    "@types/validator": {
      "version": "6.3.0",
      "resolved": "https://registry.npmjs.org/@types/validator/-/validator-6.3.0.tgz",
      "integrity": "sha512-fUc+9BEr1WWW8wVRl5I/pyRDGZNe9nH06kOzlGH3eN7N8VVPW/zSrE0Vdca6G2sRCVmIN/XuOenbmldAAyTYaw=="
    },
    "apollo-fetch": {
      "version": "0.6.0",
      "resolved": "https://registry.npmjs.org/apollo-fetch/-/apollo-fetch-0.6.0.tgz",
      "integrity": "sha1-qumyjBF680SwkeyLpNGlqgR03F0=",
      "requires": {
        "isomorphic-fetch": "2.2.1"
      }
    },
    "apollo-link": {
      "version": "0.7.0",
      "resolved": "https://registry.npmjs.org/apollo-link/-/apollo-link-0.7.0.tgz",
      "integrity": "sha512-LPwygaqW57k7D5rKEdd5xZcLL7SY7MbUkvDYXfU/+el6Iq46AXfxJICXrU6UVydngEBD1DYm0t8CT4JRk0MR7g==",
      "requires": {
        "apollo-utilities": "0.2.0-rc.3",
        "graphql": "0.11.7",
        "zen-observable-ts": "0.5.0"
      }
    },
    "apollo-link-http": {
      "version": "0.7.0",
      "resolved": "https://registry.npmjs.org/apollo-link-http/-/apollo-link-http-0.7.0.tgz",
      "integrity": "sha512-BCYxduD5oHfsiWz15pcjooyAsP4E6gmL1BH4z4ikwU6I++QhbIBt5zH+ezUQcOKcozNY7+ZfcA4oaRud9FbkbA==",
      "requires": {
        "apollo-fetch": "0.6.0",
        "graphql": "0.11.7"
      }
    },
    "apollo-utilities": {
      "version": "0.2.0-rc.3",
      "resolved": "https://registry.npmjs.org/apollo-utilities/-/apollo-utilities-0.2.0-rc.3.tgz",
      "integrity": "sha512-UM5ok/DUKSgh/3T302hoPqCAhqfXdvBaQKOQJb0QUuX3qu2qVKzvwFsv/C3zWYySeCJTP9EoV2LtooIJOhSL4g=="
    },
    "bcryptjs": {
      "version": "2.4.3",
      "resolved": "https://registry.npmjs.org/bcryptjs/-/bcryptjs-2.4.3.tgz",
      "integrity": "sha1-mrVie5PmBiH/fNrF2pczAn3x0Ms="
    },
    "cross-fetch": {
      "version": "2.2.2",
      "resolved": "https://registry.npmjs.org/cross-fetch/-/cross-fetch-2.2.2.tgz",
      "integrity": "sha1-pH/09/xxLauo9qaVoRyUhEDUVyM=",
      "requires": {
        "node-fetch": "2.1.2",
        "whatwg-fetch": "2.0.4"
      },
      "dependencies": {
        "node-fetch": {
          "version": "2.1.2",
          "resolved": "http://registry.npmjs.org/node-fetch/-/node-fetch-2.1.2.tgz",
          "integrity": "sha1-q4hOjn5X44qUR1POxwb3iNF2i7U="
        }
      }
    },
    "deprecated-decorator": {
      "version": "0.1.6",
      "resolved": "https://registry.npmjs.org/deprecated-decorator/-/deprecated-decorator-0.1.6.tgz",
      "integrity": "sha1-AJZjF7ehL+kvPMgx91g68ym4bDc="
    },
    "encoding": {
      "version": "0.1.12",
      "resolved": "https://registry.npmjs.org/encoding/-/encoding-0.1.12.tgz",
      "integrity": "sha1-U4tm8+5izRq1HsMjgp0flIDHS+s=",
      "requires": {
        "iconv-lite": "0.4.24"
      }
    },
    "fast-json-stable-stringify": {
      "version": "2.0.0",
      "resolved": "https://registry.npmjs.org/fast-json-stable-stringify/-/fast-json-stable-stringify-2.0.0.tgz",
      "integrity": "sha1-1RQsDK7msRifh9OnYREGT4bIu/I="
    },
    "graphcool-lib": {
      "version": "0.1.4",
      "resolved": "https://registry.npmjs.org/graphcool-lib/-/graphcool-lib-0.1.4.tgz",
      "integrity": "sha512-qUmcS+nQLPR3gTOvfQbHAdwKkwBJlUIm1SNb+5lcPkh3iIPXSISHJcpt7kECNB2s75O8shKYGMXJRd3F5S2Aaw==",
      "requires": {
        "apollo-link": "0.7.0",
        "apollo-link-http": "0.7.0",
        "graphql": "0.11.7",
        "graphql-request": "1.8.2",
        "graphql-tools": "2.24.0",
        "node-fetch": "1.7.3",
        "source-map-support": "0.4.18"
      }
    },
    "graphql": {
      "version": "0.11.7",
      "resolved": "https://registry.npmjs.org/graphql/-/graphql-0.11.7.tgz",
      "integrity": "sha512-x7uDjyz8Jx+QPbpCFCMQ8lltnQa4p4vSYHx6ADe8rVYRTdsyhCJbvSty5DAsLVmU6cGakl+r8HQYolKHxk/tiw==",
      "requires": {
        "iterall": "1.1.3"
      }
    },
    "graphql-request": {
      "version": "1.8.2",
      "resolved": "https://registry.npmjs.org/graphql-request/-/graphql-request-1.8.2.tgz",
      "integrity": "sha512-dDX2M+VMsxXFCmUX0Vo0TopIZIX4ggzOtiCsThgtrKR4niiaagsGTDIHj3fsOMFETpa064vzovI+4YV4QnMbcg==",
      "requires": {
        "cross-fetch": "2.2.2"
      }
    },
    "graphql-tools": {
      "version": "2.24.0",
      "resolved": "https://registry.npmjs.org/graphql-tools/-/graphql-tools-2.24.0.tgz",
      "integrity": "sha512-Mz9I7jyizrd+RafC/5EogJKTVzBbIddDCrW0sP5QLmsVVM3ujfhqVYu2lEXOaJW8Sy18f3ZICHirmKcn6oMAcA==",
      "requires": {
        "apollo-link": "1.2.2",
        "apollo-utilities": "1.0.20",
        "deprecated-decorator": "0.1.6",
        "iterall": "1.1.3",
        "uuid": "3.3.2"
      },
      "dependencies": {
        "apollo-link": {
          "version": "1.2.2",
          "resolved": "https://registry.npmjs.org/apollo-link/-/apollo-link-1.2.2.tgz",
          "integrity": "sha512-Uk/BC09dm61DZRDSu52nGq0nFhq7mcBPTjy5EEH1eunJndtCaNXQhQz/BjkI2NdrfGI+B+i5he6YSoRBhYizdw==",
          "requires": {
            "@types/graphql": "0.12.6",
            "apollo-utilities": "1.0.20",
            "zen-observable-ts": "0.8.9"
          }
        },
        "apollo-utilities": {
          "version": "1.0.20",
          "resolved": "https://registry.npmjs.org/apollo-utilities/-/apollo-utilities-1.0.20.tgz",
          "integrity": "sha512-2M4BJCyX/9UXGJFoV4sTnVTZ4Q29aM18Z1avDrwvlCGGwoRTz50sGBAfTiWnUnnNQyPIIJEYElScw46DgIu0Rg==",
          "requires": {
            "fast-json-stable-stringify": "2.0.0"
          }
        },
        "zen-observable-ts": {
          "version": "0.8.9",
          "resolved": "https://registry.npmjs.org/zen-observable-ts/-/zen-observable-ts-0.8.9.tgz",
          "integrity": "sha512-KJz2O8FxbAdAU5CSc8qZ1K2WYEJb1HxS6XDRF+hOJ1rOYcg6eTMmS9xYHCXzqZZzKw6BbXWyF4UpwSsBQnHJeA==",
          "requires": {
            "zen-observable": "0.8.9"
          }
        }
      }
    },
    "iconv-lite": {
      "version": "0.4.24",
      "resolved": "https://registry.npmjs.org/iconv-lite/-/iconv-lite-0.4.24.tgz",
      "integrity": "sha512-v3MXnZAcvnywkTUEZomIActle7RXXeedOR31wwl7VlyoXO4Qi9arvSenNQWne1TcRwhCL1HwLI21bEqdpj8/rA==",
      "requires": {
        "safer-buffer": "2.1.2"
      }
    },
    "is-stream": {
      "version": "1.1.0",
      "resolved": "https://registry.npmjs.org/is-stream/-/is-stream-1.1.0.tgz",
      "integrity": "sha1-EtSj3U5o4Lec6428hBc66A2RykQ="
    },
    "isomorphic-fetch": {
      "version": "2.2.1",
      "resolved": "https://registry.npmjs.org/isomorphic-fetch/-/isomorphic-fetch-2.2.1.tgz",
      "integrity": "sha1-YRrhrPFPXoH3KVB0coGf6XM1WKk=",
      "requires": {
        "node-fetch": "1.7.3",
        "whatwg-fetch": "2.0.4"
      }
    },
    "iterall": {
      "version": "1.1.3",
      "resolved": "https://registry.npmjs.org/iterall/-/iterall-1.1.3.tgz",
      "integrity": "sha512-Cu/kb+4HiNSejAPhSaN1VukdNTTi/r4/e+yykqjlG/IW+1gZH5b4+Bq3whDX4tvbYugta3r8KTMUiqT3fIGxuQ=="
    },
    "node-fetch": {
      "version": "1.7.3",
      "resolved": "https://registry.npmjs.org/node-fetch/-/node-fetch-1.7.3.tgz",
      "integrity": "sha512-NhZ4CsKx7cYm2vSrBAr2PvFOe6sWDf0UYLRqA6svUYg7+/TSfVAu49jYC4BvQ4Sms9SZgdqGBgroqfDhJdTyKQ==",
      "requires": {
        "encoding": "0.1.12",
        "is-stream": "1.1.0"
      }
    },
    "safer-buffer": {
      "version": "2.1.2",
      "resolved": "https://registry.npmjs.org/safer-buffer/-/safer-buffer-2.1.2.tgz",
      "integrity": "sha512-YZo3K82SD7Riyi0E1EQPojLz7kpepnSQI9IyPbHHg1XXXevb5dJI7tpyN2ADxGcQbHG7vcyRHk0cbwqcQriUtg=="
    },
    "source-map": {
      "version": "0.5.7",
      "resolved": "https://registry.npmjs.org/source-map/-/source-map-0.5.7.tgz",
      "integrity": "sha1-igOdLRAh0i0eoUyA2OpGi6LvP8w="
    },
    "source-map-support": {
      "version": "0.4.18",
      "resolved": "https://registry.npmjs.org/source-map-support/-/source-map-support-0.4.18.tgz",
      "integrity": "sha512-try0/JqxPLF9nOjvSta7tVondkP5dwgyLDjVoyMDlmjugT2lRZ1OfsrYTkCd2hkDnJTKRbO/Rl3orm8vlsUzbA==",
      "requires": {
        "source-map": "0.5.7"
      }
    },
    "uuid": {
      "version": "3.3.2",
      "resolved": "https://registry.npmjs.org/uuid/-/uuid-3.3.2.tgz",
      "integrity": "sha512-yXJmeNaw3DnnKAOKJE51sL/ZaYfWJRl1pK9dr19YFCu0ObS231AB1/LbqTKRAQ5kw8A90rA6fr4riOUpTZvQZA=="
    },
    "validator": {
      "version": "9.4.1",
      "resolved": "http://registry.npmjs.org/validator/-/validator-9.4.1.tgz",
      "integrity": "sha512-YV5KjzvRmSyJ1ee/Dm5UED0G+1L4GZnLN3w6/T+zZm8scVua4sOhYKWTUrKa0H/tMiJyO9QLHMPN+9mB/aMunA=="
    },
    "whatwg-fetch": {
      "version": "2.0.4",
      "resolved": "https://registry.npmjs.org/whatwg-fetch/-/whatwg-fetch-2.0.4.tgz",
      "integrity": "sha512-dcQ1GWpOD/eEQ97k66aiEVpNnapVj90/+R+SXTPYGHpYBBypfKJEQjLrvMZ7YXbKm21gXd4NcuxUTjiv1YtLng=="
    },
    "zen-observable": {
      "version": "0.8.9",
      "resolved": "https://registry.npmjs.org/zen-observable/-/zen-observable-0.8.9.tgz",
      "integrity": "sha512-Y9kPzjGvIZ5jchSlqlCpBW3I82zBBL4z+ulXDRVA1NwsKzjt5kwAi+gOYIy0htNkfuehGZZtP5mRXHRV6TjDWw=="
    },
    "zen-observable-ts": {
      "version": "0.5.0",
      "resolved": "https://registry.npmjs.org/zen-observable-ts/-/zen-observable-ts-0.5.0.tgz",
      "integrity": "sha512-8soRu9VE2HYkAAKcDegToWzu8snITcZjujnE4SXc+7IczbHXRCFkd4Cj4DgYq88nU6SwTU5lkea7KBGNa/CaFw=="
    }
  }
}
